
Microsoft Visual Studio Solution File, Format Version 12.00
# Visual Studio 2012
Project("{FAE04EC0-301F-11D3-BF4B-00C04F79EFBC}") = "Cad.DataAccessLayer", "Cad.DataAccessLayer.csproj", "{A3368ED4-8E08-495C-B77C-57CD18C4FF63}"
EndProject
Global
	GlobalSection(SolutionConfigurationPlatforms) = preSolution
		Debug|Any CPU = Debug|Any CPU
		Release|Any CPU = Release|Any CPU
	EndGlobalSection
	GlobalSection(ProjectConfigurationPlatforms) = postSolution
		{A3368ED4-8E08-495C-B77C-57CD18C4FF63}.Debug|Any CPU.ActiveCfg = Debug|Any CPU
		{A3368ED4-8E08-495C-B77C-57CD18C4FF63}.Debug|Any CPU.Build.0 = Debug|Any CPU
		{A3368ED4-8E08-495C-B77C-57CD18C4FF63}.Release|Any CPU.ActiveCfg = Release|Any CPU
		{A3368ED4-8E08-495C-B77C-57CD18C4FF63}.Release|Any CPU.Build.0 = Release|Any CPU
	EndGlobalSection
	GlobalSection(SolutionProperties) = preSolution
		HideSolutionNode = FALSE
	EndGlobalSection
EndGlobal
